{
  "name": "BUCASTUDIO",
  "version": "1.0.0",
  "lockfileVersion": 1,
  "requires": true,
  "dependencies": {
    "@interactjs/actions": {
      "version": "1.9.8",
      "resolved": "https://registry.npmjs.org/@interactjs/actions/-/actions-1.9.8.tgz",
      "integrity": "sha512-xs0i4d70G/liMqMiEnpCT8ZmXq1nUoeT+h8yfvEJ9cc/1YbNMJVPyo/jJPRdGGEBuN2FuSGUfyzen2op9ijx3g==",
      "dev": true,
      "requires": {
        "@interactjs/interact": "1.9.8"
      }
    },
    "@interactjs/arrange": {
      "version": "1.9.8",
      "resolved": "https://registry.npmjs.org/@interactjs/arrange/-/arrange-1.9.8.tgz",
      "integrity": "sha512-lRm0i6e9TVYwIgLt08Eb5VpXQIDeK+NfhxHQZ/apKdVx5HF8xJLg/c5gQjUV/7VjilQXG3MbBAmqpO7Zsd7Cag==",
      "dev": true
    },
    "@interactjs/auto-scroll": {
      "version": "1.9.8",
      "resolved": "https://registry.npmjs.org/@interactjs/auto-scroll/-/auto-scroll-1.9.8.tgz",
      "integrity": "sha512-cLwZ/rjLwtjNqcyJOwGHsg8J0y5K6Dfq1r0nyPUoEaqFYgzZ0Dia2+QNRh+875E9xYm+18TC2UoQfge+D1CC6g==",
      "dev": true,
      "requires": {
        "@interactjs/interact": "1.9.8"
      }
    },
    "@interactjs/auto-start": {
      "version": "1.9.8",
      "resolved": "https://registry.npmjs.org/@interactjs/auto-start/-/auto-start-1.9.8.tgz",
      "integrity": "sha512-+QmI9LjLVBgF2OuTfPXJnzuXwe/DcA/RuHj5k0R9B/jRaT5GrznobjhRH9WRFDq6zciKgTpmCMzyEzcsX4a+gg==",
      "dev": true,
      "requires": {
        "@interactjs/interact": "1.9.8"
      }
    },
    "@interactjs/clone": {
      "version": "1.9.8",
      "resolved": "https://registry.npmjs.org/@interactjs/clone/-/clone-1.9.8.tgz",
      "integrity": "sha512-hAmdGWb6S+EdF+AEpA4nzBqDDNnHaU0+R312N4I7AM8ZbuPYq45JfgZ/WfSn1ixft7Lvm9Dpz0HBCvGUHVwe9g==",
      "dev": true
    },
    "@interactjs/components": {
      "version": "1.9.8",
      "resolved": "https://registry.npmjs.org/@interactjs/components/-/components-1.9.8.tgz",
      "integrity": "sha512-skt8nRcz1YLCtY3uWAVyhc9d+ZoO+21LasgPLw63zoIM/XcM0D3F8YqKSUq8hAWBvn8+KOvVXDtc2PGk2Pwn1Q==",
      "dev": true
    },
    "@interactjs/core": {
      "version": "1.9.8",
      "resolved": "https://registry.npmjs.org/@interactjs/core/-/core-1.9.8.tgz",
      "integrity": "sha512-eSLARBYlloTHga9QUwiF9EaQPwFNXEQV/gDTBfUujur8u105SiRJ7JEHrVLeaDHtvFwwBOqpjm2Wy4knDXTtuA==",
      "dev": true
    },
    "@interactjs/dev-tools": {
      "version": "1.9.8",
      "resolved": "https://registry.npmjs.org/@interactjs/dev-tools/-/dev-tools-1.9.8.tgz",
      "integrity": "sha512-r59+CW5Bq271bEoif2zNxtsXDMWAn6kIhxVlJMIxnOm+WtI+bFAacNj190weDDCUe3z/NcmMEohtbHER0BGqMw==",
      "dev": true,
      "requires": {
        "@interactjs/interact": "1.9.8",
        "@interactjs/utils": "1.9.8"
      }
    },
    "@interactjs/feedback": {
      "version": "1.9.8",
      "resolved": "https://registry.npmjs.org/@interactjs/feedback/-/feedback-1.9.8.tgz",
      "integrity": "sha512-loNf3xgGTKOl7cOsJkcZMVvb3Y87Wo7ma3jXtn6qTxxGXFPpmnX9IXnnOTV1q5XuOtLS7/3UlSko8KpUl0ftZA==",
      "dev": true
    },
    "@interactjs/inertia": {
      "version": "1.9.8",
      "resolved": "https://registry.npmjs.org/@interactjs/inertia/-/inertia-1.9.8.tgz",
      "integrity": "sha512-7iaUuPVbCnY3qH0M0uz98cJvM7sDUstZgHb5rsOvXAk8hef5x+qIzqHZbTub9YqyasmLiQlPnLsitRfZvApQEg==",
      "dev": true,
      "requires": {
        "@interactjs/interact": "1.9.8",
        "@interactjs/offset": "1.9.8"
      }
    },
    "@interactjs/interact": {
      "version": "1.9.8",
      "resolved": "https://registry.npmjs.org/@interactjs/interact/-/interact-1.9.8.tgz",
      "integrity": "sha512-IGBPqapX6YHDb63QlN7Hnfr3NqA+V8mTnKSY/gK34Lk2tuoD9fpvdqphqc/srD80E+w6hULijdorKEYtl4GRbA==",
      "dev": true,
      "requires": {
        "@interactjs/core": "1.9.8",
        "@interactjs/types": "1.9.8",
        "@interactjs/utils": "1.9.8"
      }
    },
    "@interactjs/interactjs": {
      "version": "1.9.8",
      "resolved": "https://registry.npmjs.org/@interactjs/interactjs/-/interactjs-1.9.8.tgz",
      "integrity": "sha512-O6v41zuA4Q+z5OzW9QDix8AR4qU2GZbDH2MX0Lp7MGEXYgvM9MVlvpI/W61CIY8ARpTQdCC4A940IpMbARPLIg==",
      "dev": true,
      "requires": {
        "@interactjs/actions": "1.9.8",
        "@interactjs/arrange": "1.9.8",
        "@interactjs/auto-scroll": "1.9.8",
        "@interactjs/auto-start": "1.9.8",
        "@interactjs/clone": "1.9.8",
        "@interactjs/components": "1.9.8",
        "@interactjs/core": "1.9.8",
        "@interactjs/dev-tools": "1.9.8",
        "@interactjs/feedback": "1.9.8",
        "@interactjs/inertia": "1.9.8",
        "@interactjs/interact": "1.9.8",
        "@interactjs/modifiers": "1.9.8",
        "@interactjs/multi-target": "1.9.8",
        "@interactjs/offset": "1.9.8",
        "@interactjs/pointer-events": "1.9.8",
        "@interactjs/reflow": "1.9.8",
        "@interactjs/types": "1.9.8",
        "@interactjs/utils": "1.9.8",
        "@interactjs/vue": "1.9.8"
      }
    },
    "@interactjs/modifiers": {
      "version": "1.9.8",
      "resolved": "https://registry.npmjs.org/@interactjs/modifiers/-/modifiers-1.9.8.tgz",
      "integrity": "sha512-lpYauUBXbIAiFu7wtz6r6kqvbqk/wQ+EN/BroFa4xA3i1jt7s1wts8qaFTp2Y3R7qWNfPndjFZikRzQICEFlGw==",
      "dev": true,
      "requires": {
        "@interactjs/interact": "1.9.8",
        "@interactjs/snappers": "1.9.8"
      }
    },
    "@interactjs/multi-target": {
      "version": "1.9.8",
      "resolved": "https://registry.npmjs.org/@interactjs/multi-target/-/multi-target-1.9.8.tgz",
      "integrity": "sha512-4BSSYEdef1QSERr0ZMuWLvGrX7wIE5A+aeXOouunxMNcZya+OQ8l7gBXNbu/3VzmlddvkQro1D8WkHMZGrDC+w==",
      "dev": true
    },
    "@interactjs/offset": {
      "version": "1.9.8",
      "resolved": "https://registry.npmjs.org/@interactjs/offset/-/offset-1.9.8.tgz",
      "integrity": "sha512-TTnY/B0qV7PnJzgtKmWxpjEJsMU5AeqFe6V4VC66sk4JtyRz6CXNNM5HhjH4qI78Hsqlqmn2nYp/DCKP+Gfedg==",
      "dev": true,
      "requires": {
        "@interactjs/interact": "1.9.8"
      }
    },
    "@interactjs/pointer-events": {
      "version": "1.9.8",
      "resolved": "https://registry.npmjs.org/@interactjs/pointer-events/-/pointer-events-1.9.8.tgz",
      "integrity": "sha512-FiEqy1cafeYMvrjT+wxX/FUDpgCfRNxpQCYfDnUVAg+2VqVqo5VK69KihKces2Rd3CWPwtMmKHWHuQZhRoUL2w==",
      "dev": true,
      "requires": {
        "@interactjs/interact": "1.9.8"
      }
    },
    "@interactjs/reflow": {
      "version": "1.9.8",
      "resolved": "https://registry.npmjs.org/@interactjs/reflow/-/reflow-1.9.8.tgz",
      "integrity": "sha512-d2cyCJN8XcheWTJOS7PrDvNfEdDrzr5EOwwaYGZ34ZWpPO8fMiFuZf8yFnO+NRh4ZEKEok80cPA0XVLZbPVsrw==",
      "dev": true,
      "requires": {
        "@interactjs/interact": "1.9.8"
      }
    },
    "@interactjs/snappers": {
      "version": "1.9.8",
      "resolved": "https://registry.npmjs.org/@interactjs/snappers/-/snappers-1.9.8.tgz",
      "integrity": "sha512-HmDJUkb4aOAhcHBpngxvoMx0I8x8OA9lIdWMCDF4W5rh9yrqsPlKoh/PGyykky4Akg3AQHN6+yV1yq1HAymffQ==",
      "dev": true
    },
    "@interactjs/symbol-tree": {
      "version": "1.9.8",
      "resolved": "https://registry.npmjs.org/@interactjs/symbol-tree/-/symbol-tree-1.9.8.tgz",
      "integrity": "sha512-EGvDjV+pHKjbXrD2sEq5jYsjVugKjyLTmgAp9X2u1JoSVjdWz9Cq8c2MH5SOrg1a7ycd5pEFoR1JG9+f6g61nw==",
      "dev": true
    },
    "@interactjs/types": {
      "version": "1.9.8",
      "resolved": "https://registry.npmjs.org/@interactjs/types/-/types-1.9.8.tgz",
      "integrity": "sha512-sQzdcAPj7h9sjhWZ0WGXz/8umb9NipC3YzLzwh8B2wSyqS379QjW6l02dXi45fJWhcs+XuZ4ojm2/w4w0JOyVg==",
      "dev": true,
      "requires": {
        "@interactjs/actions": "1.9.8",
        "@interactjs/arrange": "1.9.8",
        "@interactjs/auto-scroll": "1.9.8",
        "@interactjs/auto-start": "1.9.8",
        "@interactjs/core": "1.9.8",
        "@interactjs/dev-tools": "1.9.8",
        "@interactjs/inertia": "1.9.8",
        "@interactjs/modifiers": "1.9.8",
        "@interactjs/pointer-events": "1.9.8",
        "@interactjs/reflow": "1.9.8",
        "@interactjs/snappers": "1.9.8",
        "@interactjs/symbol-tree": "1.9.8",
        "@interactjs/utils": "1.9.8"
      }
    },
    "@interactjs/utils": {
      "version": "1.9.8",
      "resolved": "https://registry.npmjs.org/@interactjs/utils/-/utils-1.9.8.tgz",
      "integrity": "sha512-rOPzdWy2YdMZOVv1T371yeERN75RARf21sdcl5hHUMEmuLVqvT6mKEjbHUGdZkzIMtILlL9780p6QTLcUB4qvg==",
      "dev": true
    },
    "@interactjs/vue": {
      "version": "1.9.8",
      "resolved": "https://registry.npmjs.org/@interactjs/vue/-/vue-1.9.8.tgz",
      "integrity": "sha512-2RMud2JcfTYrsNKJxxZE9hKDpBRfl7WUDjxC6Ygv5ZAUKhzVb9dmX9MnEOwgxS0JHiVsF2kHjFt9XuUfvU9txA==",
      "dev": true
    },
    "balanced-match": {
      "version": "1.0.0",
      "resolved": "https://registry.npmjs.org/balanced-match/-/balanced-match-1.0.0.tgz",
      "integrity": "sha1-ibTRmasr7kneFk6gK4nORi1xt2c=",
      "dev": true
    },
    "brace-expansion": {
      "version": "1.1.11",
      "resolved": "https://registry.npmjs.org/brace-expansion/-/brace-expansion-1.1.11.tgz",
      "integrity": "sha512-iCuPHDFgrHX7H2vEI/5xpz07zSHB00TpugqhmYtVmMO6518mCuRMoOYFldEBl0g187ufozdaHgWKcYFb61qGiA==",
      "dev": true,
      "requires": {
        "balanced-match": "^1.0.0",
        "concat-map": "0.0.1"
      }
    },
    "browser-split": {
      "version": "0.0.1",
      "resolved": "https://registry.npmjs.org/browser-split/-/browser-split-0.0.1.tgz",
      "integrity": "sha1-ewl1dPjj6tYG+0Zk5krf3aKYGpM=",
      "dev": true
    },
    "camelize": {
      "version": "1.0.0",
      "resolved": "https://registry.npmjs.org/camelize/-/camelize-1.0.0.tgz",
      "integrity": "sha1-FkpUg+Yw+kMh5a8HAg5TGDGyYJs=",
      "dev": true
    },
    "child_process": {
      "version": "1.0.2",
      "resolved": "https://registry.npmjs.org/child_process/-/child_process-1.0.2.tgz",
      "integrity": "sha1-sffn/HPSXn/R1FWtyU4UODAYK1o=",
      "dev": true
    },
    "concat-map": {
      "version": "0.0.1",
      "resolved": "https://registry.npmjs.org/concat-map/-/concat-map-0.0.1.tgz",
      "integrity": "sha1-2Klr13/Wjfd5OnMDajug1UBdR3s=",
      "dev": true
    },
    "directory-tree": {
      "version": "2.2.4",
      "resolved": "https://registry.npmjs.org/directory-tree/-/directory-tree-2.2.4.tgz",
      "integrity": "sha512-2N43msQptKbi3WMfIs+U09yi6bfyKL+MWyj5VMj8t1F/Tx04bt1cn/EEIU3o1JBltlJk7NQnzOEuTNa/KQvbWA==",
      "dev": true
    },
    "dom-walk": {
      "version": "0.1.1",
      "resolved": "https://registry.npmjs.org/dom-walk/-/dom-walk-0.1.1.tgz",
      "integrity": "sha1-ZyIm3HTI95mtNTB9+TaroRrNYBg=",
      "dev": true
    },
    "electron-tree-view": {
      "version": "1.1.0",
      "resolved": "https://registry.npmjs.org/electron-tree-view/-/electron-tree-view-1.1.0.tgz",
      "integrity": "sha1-/D3REQss7R4jrjGneAX7/XRYz3w=",
      "dev": true,
      "requires": {
        "hyperx": "^2.0.3",
        "main-loop": "^3.2.0",
        "virtual-dom": "^2.1.1"
      }
    },
    "error": {
      "version": "4.4.0",
      "resolved": "https://registry.npmjs.org/error/-/error-4.4.0.tgz",
      "integrity": "sha1-v2n/JR+0onnBmtzNqmth6Q2b8So=",
      "dev": true,
      "requires": {
        "camelize": "^1.0.0",
        "string-template": "~0.2.0",
        "xtend": "~4.0.0"
      }
    },
    "ev-store": {
      "version": "7.0.0",
      "resolved": "https://registry.npmjs.org/ev-store/-/ev-store-7.0.0.tgz",
      "integrity": "sha1-GrDH+CE2UF3XSzHRdwHLK+bSZVg=",
      "dev": true,
      "requires": {
        "individual": "^3.0.0"
      }
    },
    "file-match": {
      "version": "1.0.2",
      "resolved": "https://registry.npmjs.org/file-match/-/file-match-1.0.2.tgz",
      "integrity": "sha1-ycrSZdLIrfOoFHWw30dYWQafrvc=",
      "dev": true,
      "requires": {
        "utils-extend": "^1.0.6"
      }
    },
    "file-system": {
      "version": "2.2.2",
      "resolved": "https://registry.npmjs.org/file-system/-/file-system-2.2.2.tgz",
      "integrity": "sha1-fWWDPjojR9zZVqgTxncVPtPt2Yc=",
      "dev": true,
      "requires": {
        "file-match": "^1.0.1",
        "utils-extend": "^1.0.4"
      }
    },
    "global": {
      "version": "4.4.0",
      "resolved": "https://registry.npmjs.org/global/-/global-4.4.0.tgz",
      "integrity": "sha512-wv/LAoHdRE3BeTGz53FAamhGlPLhlssK45usmGFThIi4XqnBmjKQ16u+RNbP7WvigRZDxUsM0J3gcQ5yicaL0w==",
      "dev": true,
      "requires": {
        "min-document": "^2.19.0",
        "process": "^0.11.10"
      }
    },
    "hyperscript-attribute-to-property": {
      "version": "1.0.2",
      "resolved": "https://registry.npmjs.org/hyperscript-attribute-to-property/-/hyperscript-attribute-to-property-1.0.2.tgz",
      "integrity": "sha512-oerMul16jZCmrbNsUw8QgrtDzF8lKgFri1bKQjReLw1IhiiNkI59CWuzZjJDGT79UQ1YiWqXhJMv/tRMVqgtkA==",
      "dev": true
    },
    "hyperx": {
      "version": "2.5.4",
      "resolved": "https://registry.npmjs.org/hyperx/-/hyperx-2.5.4.tgz",
      "integrity": "sha512-iOkSh7Yse7lsN/B9y7OsevLWjeXPqGuHQ5SbwaiJM5xAhWFqhoN6erpK1dQsS12OFU36lyai1pnx1mmzWLQqcA==",
      "dev": true,
      "requires": {
        "hyperscript-attribute-to-property": "^1.0.0"
      }
    },
    "individual": {
      "version": "3.0.0",
      "resolved": "https://registry.npmjs.org/individual/-/individual-3.0.0.tgz",
      "integrity": "sha1-58pPhfiVewGHNPKFdQ3CLsL5hi0=",
      "dev": true
    },
    "inherits": {
      "version": "2.0.3",
      "resolved": "https://registry.npmjs.org/inherits/-/inherits-2.0.3.tgz",
      "integrity": "sha1-Yzwsg+PaQqUC9SRmAiSA9CCCYd4=",
      "dev": true
    },
    "interactjs": {
      "version": "1.9.8",
      "resolved": "https://registry.npmjs.org/interactjs/-/interactjs-1.9.8.tgz",
      "integrity": "sha512-dC2788BxokwvFXrXASBUeLJBdJ127l444dl9vIVzT71zLJYxzVpp4ksO5vlgD17c1wf2jbEeftwi0PNtmrHdLw==",
      "dev": true,
      "requires": {
        "@interactjs/interactjs": "1.9.8",
        "@interactjs/types": "1.9.8"
      }
    },
    "is-object": {
      "version": "1.0.1",
      "resolved": "https://registry.npmjs.org/is-object/-/is-object-1.0.1.tgz",
      "integrity": "sha1-iVJojF7C/9awPsyF52ngKQMINHA=",
      "dev": true
    },
    "js-treeview": {
      "version": "1.1.5",
      "resolved": "https://registry.npmjs.org/js-treeview/-/js-treeview-1.1.5.tgz",
      "integrity": "sha512-PtOfvElB7KZL4O0aO3z7UY38G7ReMN74Y1iRSZPsOfyS+YGtVrHVTst+rwIy96PGoWQ2/7wEUOjjpSeYUj7+mg==",
      "dev": true
    },
    "lokijs": {
      "version": "1.5.8",
      "resolved": "https://registry.npmjs.org/lokijs/-/lokijs-1.5.8.tgz",
      "integrity": "sha512-D8E3TBrY35o1ELnonp2MF8b3wKu2tVNl2TqRjvS+95oPMMe7OoIAxNY1qr+5BEZwnWn2V4ErAjVt000DonM+FA==",
      "dev": true
    },
    "main-loop": {
      "version": "3.4.0",
      "resolved": "https://registry.npmjs.org/main-loop/-/main-loop-3.4.0.tgz",
      "integrity": "sha1-ogJ0Uam70ZO+zgzUIeFGfJgci9I=",
      "dev": true,
      "requires": {
        "error": "^4.1.1",
        "raf": "^2.0.1"
      }
    },
    "min-document": {
      "version": "2.19.0",
      "resolved": "https://registry.npmjs.org/min-document/-/min-document-2.19.0.tgz",
      "integrity": "sha1-e9KC4/WELtKVu3SM3Z8f+iyCRoU=",
      "dev": true,
      "requires": {
        "dom-walk": "^0.1.0"
      }
    },
    "minimatch": {
      "version": "3.0.4",
      "resolved": "https://registry.npmjs.org/minimatch/-/minimatch-3.0.4.tgz",
      "integrity": "sha512-yJHVQEhyqPLUTgt9B83PXu6W3rx4MvvHvSUvToogpwoGDOUQ+yDrR0HRot+yOCdCO7u4hX3pWft6kWBBcqh0UA==",
      "dev": true,
      "requires": {
        "brace-expansion": "^1.1.7"
      }
    },
    "next-tick": {
      "version": "0.2.2",
      "resolved": "https://registry.npmjs.org/next-tick/-/next-tick-0.2.2.tgz",
      "integrity": "sha1-ddpKkn7liH45BliABltzNkE7MQ0=",
      "dev": true
    },
    "node-dir": {
      "version": "0.1.17",
      "resolved": "https://registry.npmjs.org/node-dir/-/node-dir-0.1.17.tgz",
      "integrity": "sha1-X1Zl2TNRM1yqvvjxxVRRbPXx5OU=",
      "dev": true,
      "requires": {
        "minimatch": "^3.0.2"
      }
    },
    "path": {
      "version": "0.12.7",
      "resolved": "https://registry.npmjs.org/path/-/path-0.12.7.tgz",
      "integrity": "sha1-1NwqUGxM4hl+tIHr/NWzbAFAsQ8=",
      "dev": true,
      "requires": {
        "process": "^0.11.1",
        "util": "^0.10.3"
      }
    },
    "performance-now": {
      "version": "0.1.4",
      "resolved": "https://registry.npmjs.org/performance-now/-/performance-now-0.1.4.tgz",
      "integrity": "sha1-NgtkLwc/+MKmk7PDjXzLwXtTGDs=",
      "dev": true
    },
    "process": {
      "version": "0.11.10",
      "resolved": "https://registry.npmjs.org/process/-/process-0.11.10.tgz",
      "integrity": "sha1-czIwDoQBYb2j5podHZGn1LwW8YI=",
      "dev": true
    },
    "raf": {
      "version": "2.0.4",
      "resolved": "https://registry.npmjs.org/raf/-/raf-2.0.4.tgz",
      "integrity": "sha1-SZPkU+pSdb9u8HoWO9/pojIztiM=",
      "dev": true,
      "requires": {
        "performance-now": "~0.1.3"
      }
    },
    "read-file-utf8": {
      "version": "1.1.2",
      "resolved": "https://registry.npmjs.org/read-file-utf8/-/read-file-utf8-1.1.2.tgz",
      "integrity": "sha512-1FtasSguambizhs0FDIGir8w7VcoKnkTHrffFxs3dou8im58jY6CtfG/Hp84CMHI3rnZl3PcrDi7XW8f+kzzNw=="
    },
    "readline": {
      "version": "1.3.0",
      "resolved": "https://registry.npmjs.org/readline/-/readline-1.3.0.tgz",
      "integrity": "sha1-xYDXfvLPyHUrEySYBg3JeTp6wBw=",
      "dev": true
    },
    "string-template": {
      "version": "0.2.1",
      "resolved": "https://registry.npmjs.org/string-template/-/string-template-0.2.1.tgz",
      "integrity": "sha1-QpMuWYo1LQH8IuwzZ9nYTuxsmt0=",
      "dev": true
    },
    "util": {
      "version": "0.10.4",
      "resolved": "https://registry.npmjs.org/util/-/util-0.10.4.tgz",
      "integrity": "sha512-0Pm9hTQ3se5ll1XihRic3FDIku70C+iHUdT/W926rSgHV5QgXsYbKZN8MSC3tJtSkhuROzvsQjAaFENRXr+19A==",
      "dev": true,
      "requires": {
        "inherits": "2.0.3"
      }
    },
    "utils-extend": {
      "version": "1.0.8",
      "resolved": "https://registry.npmjs.org/utils-extend/-/utils-extend-1.0.8.tgz",
      "integrity": "sha1-zP17ZFQPjpDuIe7Fd2nQZRyril8=",
      "dev": true
    },
    "virtual-dom": {
      "version": "2.1.1",
      "resolved": "https://registry.npmjs.org/virtual-dom/-/virtual-dom-2.1.1.tgz",
      "integrity": "sha1-gO2i1IG57eDASRGM78tKBfIdE3U=",
      "dev": true,
      "requires": {
        "browser-split": "0.0.1",
        "error": "^4.3.0",
        "ev-store": "^7.0.0",
        "global": "^4.3.0",
        "is-object": "^1.0.1",
        "next-tick": "^0.2.2",
        "x-is-array": "0.1.0",
        "x-is-string": "0.1.0"
      }
    },
    "x-is-array": {
      "version": "0.1.0",
      "resolved": "https://registry.npmjs.org/x-is-array/-/x-is-array-0.1.0.tgz",
      "integrity": "sha1-3lIBcdR7P0FvVYfWKbidJrEtwp0=",
      "dev": true
    },
    "x-is-string": {
      "version": "0.1.0",
      "resolved": "https://registry.npmjs.org/x-is-string/-/x-is-string-0.1.0.tgz",
      "integrity": "sha1-R0tQhlrzpJqcRlfwWs0UVFj3fYI=",
      "dev": true
    },
    "xtend": {
      "version": "4.0.2",
      "resolved": "https://registry.npmjs.org/xtend/-/xtend-4.0.2.tgz",
      "integrity": "sha512-LKYU1iAXJXUgAXn9URjiu+MWhyUXHsvfp7mcuYm9dSUKK0/CjtrUwFAxD82/mCWbtLsGjFIad0wIsod4zrTAEQ==",
      "dev": true
    }
  }
}
